// !$*UTF8*$!
{
	archiveVersion = 1;
	classes = {
	};
	objectVersion = 46;
	objects = {

/* Begin PBXBuildFile section */
		B091836B1DB7604B001AED4F /* AppDelegate.swift in Sources */ = {isa = PBXBuildFile; fileRef = B091836A1DB7604B001AED4F /* AppDelegate.swift */; };
		B091836D1DB7604B001AED4F /* ViewController.swift in Sources */ = {isa = PBXBuildFile; fileRef = B091836C1DB7604B001AED4F /* ViewController.swift */; };
		B09183701DB7604B001AED4F /* Main.storyboard in Resources */ = {isa = PBXBuildFile; fileRef = B091836E1DB7604B001AED4F /* Main.storyboard */; };
		B09183721DB7604B001AED4F /* Assets.xcassets in Resources */ = {isa = PBXBuildFile; fileRef = B09183711DB7604B001AED4F /* Assets.xcassets */; };
		B09183751DB7604B001AED4F /* LaunchScreen.storyboard in Resources */ = {isa = PBXBuildFile; fileRef = B09183731DB7604B001AED4F /* LaunchScreen.storyboard */; };
		B09183801DB7604B001AED4F /* notificationpassdataTests.swift in Sources */ = {isa = PBXBuildFile; fileRef = B091837F1DB7604B001AED4F /* notificationpassdataTests.swift */; };
		B091838B1DB7604B001AED4F /* notificationpassdataUITests.swift in Sources */ = {isa = PBXBuildFile; fileRef = B091838A1DB7604B001AED4F /* notificationpassdataUITests.swift */; };
		B09183991DB76113001AED4F /* dataViewController.swift in Sources */ = {isa = PBXBuildFile; fileRef = B09183981DB76113001AED4F /* dataViewController.swift */; };
/* End PBXBuildFile section */

/* Begin PBXContainerItemProxy section */
		B091837C1DB7604B001AED4F /* PBXContainerItemProxy */ = {
			isa = PBXContainerItemProxy;
			containerPortal = B091835F1DB7604B001AED4F /* Project object */;
			proxyType = 1;
			remoteGlobalIDString = B09183661DB7604B001AED4F;
			remoteInfo = notificationpassdata;
		};
		B09183871DB7604B001AED4F /* PBXContainerItemProxy */ = {
			isa = PBXContainerItemProxy;
			containerPortal = B091835F1DB7604B001AED4F /* Project object */;
			proxyType = 1;
			remoteGlobalIDString = B09183661DB7604B001AED4F;
			remoteInfo = notificationpassdata;
		};
/* End PBXContainerItemProxy section */

/* Begin PBXFileReference section */
		B09183671DB7604B001AED4F /* notificationpassdata.app */ = {isa = PBXFileReference; explicitFileType = wrapper.application; includeInIndex = 0; path = notificationpassdata.app; sourceTree = BUILT_PRODUCTS_DIR; };
		B091836A1DB7604B001AED4F /* AppDelegate.swift */ = {isa = PBXFileReference; lastKnownFileType = sourcecode.swift; path = AppDelegate.swift; sourceTree = "<group>"; };
		B091836C1DB7604B001AED4F /* ViewController.swift */ = {isa = PBXFileReference; lastKnownFileType = sourcecode.swift; path = ViewController.swift; sourceTree = "<group>"; };
		B091836F1DB7604B001AED4F /* Base */ = {isa = PBXFileReference; lastKnownFileType = file.storyboard; name = Base; path = Base.lproj/Main.storyboard; sourceTree = "<group>"; };
		B09183711DB7604B001AED4F /* Assets.xcassets */ = {isa = PBXFileReference; lastKnownFileType = folder.assetcatalog; path = Assets.xcassets; sourceTree = "<group>"; };
		B09183741DB7604B001AED4F /* Base */ = {isa = PBXFileReference; lastKnownFileType = file.storyboard; name = Base; path = Base.lproj/LaunchScreen.storyboard; sourceTree = "<group>"; };
		B09183761DB7604B001AED4F /* Info.plist */ = {isa = PBXFileReference; lastKnownFileType = text.plist.xml; path = Info.plist; sourceTree = "<group>"; };
		B091837B1DB7604B001AED4F /* notificationpassdataTests.xctest */ = {isa = PBXFileReference; explicitFileType = wrapper.cfbundle; includeInIndex = 0; path = notificationpassdataTests.xctest; sourceTree = BUILT_PRODUCTS_DIR; };
		B091837F1DB7604B001AED4F /* notificationpassdataTests.swift */ = {isa = PBXFileReference; lastKnownFileType = sourcecode.swift; path = notificationpassdataTests.swift; sourceTree = "<group>"; };
		B09183811DB7604B001AED4F /* Info.plist */ = {isa = PBXFileReference; lastKnownFileType = text.plist.xml; path = Info.plist; sourceTree = "<group>"; };
		B09183861DB7604B001AED4F /* notificationpassdataUITests.xctest */ = {isa = PBXFileReference; explicitFileType = wrapper.cfbundle; includeInIndex = 0; path = notificationpassdataUITests.xctest; sourceTree = BUILT_PRODUCTS_DIR; };
		B091838A1DB7604B001AED4F /* notificationpassdataUITests.swift */ = {isa = PBXFileReference; lastKnownFileType = sourcecode.swift; path = notificationpassdataUITests.swift; sourceTree = "<group>"; };
		B091838C1DB7604B001AED4F /* Info.plist */ = {isa = PBXFileReference; lastKnownFileType = text.plist.xml; path = Info.plist; sourceTree = "<group>"; };
		B09183981DB76113001AED4F /* dataViewController.swift */ = {isa = PBXFileReference; fileEncoding = 4; lastKnownFileType = sourcecode.swift; path = dataViewController.swift; sourceTree = "<group>"; };
/* End PBXFileReference section */

/* Begin PBXFrameworksBuildPhase section */
		B09183641DB7604B001AED4F /* Frameworks */ = {
			isa = PBXFrameworksBuildPhase;
			buildActionMask = 2147483647;
			files = (
			);
			runOnlyForDeploymentPostprocessing = 0;
		};
		B09183781DB7604B001AED4F /* Frameworks */ = {
			isa = PBXFrameworksBuildPhase;
			buildActionMask = 2147483647;
			files = (
			);
			runOnlyForDeploymentPostprocessing = 0;
		};
		B09183831DB7604B001AED4F /* Frameworks */ = {
			isa = PBXFrameworksBuildPhase;
			buildActionMask = 2147483647;
			files = (
			);
			runOnlyForDeploymentPostprocessing = 0;
		};
/* End PBXFrameworksBuildPhase section */

/* Begin PBXGroup section */
		B091835E1DB7604B001AED4F = {
			isa = PBXGroup;
			children = (
				B09183691DB7604B001AED4F /* notificationpassdata */,
				B091837E1DB7604B001AED4F /* notificationpassdataTests */,
				B09183891DB7604B001AED4F /* notificationpassdataUITests */,
				B09183681DB7604B001AED4F /* Products */,
			);
			sourceTree = "<group>";
		};
		B09183681DB7604B001AED4F /* Products */ = {
			isa = PBXGroup;
			children = (
				B09183671DB7604B001AED4F /* notificationpassdata.app */,
				B091837B1DB7604B001AED4F /* notificationpassdataTests.xctest */,
				B09183861DB7604B001AED4F /* notificationpassdataUITests.xctest */,
			);
			name = Products;
			sourceTree = "<group>";
		};
		B09183691DB7604B001AED4F /* notificationpassdata */ = {
			isa = PBXGroup;
			children = (
				B091836A1DB7604B001AED4F /* AppDelegate.swift */,
				B091836C1DB7604B001AED4F /* ViewController.swift */,
				B091836E1DB7604B001AED4F /* Main.storyboard */,
				B09183981DB76113001AED4F /* dataViewController.swift */,
				B09183711DB7604B001AED4F /* Assets.xcassets */,
				B09183731DB7604B001AED4F /* LaunchScreen.storyboard */,
				B09183761DB7604B001AED4F /* Info.plist */,
			);
			path = notificationpassdata;
			sourceTree = "<group>";
		};
		B091837E1DB7604B001AED4F /* notificationpassdataTests */ = {
			isa = PBXGroup;
			children = (
				B091837F1DB7604B001AED4F /* notificationpassdataTests.swift */,
				B09183811DB7604B001AED4F /* Info.plist */,
			);
			path = notificationpassdataTests;
			sourceTree = "<group>";
		};
		B09183891DB7604B001AED4F /* notificationpassdataUITests */ = {
			isa = PBXGroup;
			children = (
				B091838A1DB7604B001AED4F /* notificationpassdataUITests.swift */,
				B091838C1DB7604B001AED4F /* Info.plist */,
			);
			path = notificationpassdataUITests;
			sourceTree = "<group>";
		};
/* End PBXGroup section */

/* Begin PBXNativeTarget section */
		B09183661DB7604B001AED4F /* notificationpassdata */ = {
			isa = PBXNativeTarget;
			buildConfigurationList = B091838F1DB7604B001AED4F /* Build configuration list for PBXNativeTarget "notificationpassdata" */;
			buildPhases = (
				B09183631DB7604B001AED4F /* Sources */,
				B09183641DB7604B001AED4F /* Frameworks */,
				B09183651DB7604B001AED4F /* Resources */,
			);
			buildRules = (
			);
			dependencies = (
			);
			name = notificationpassdata;
			productName = notificationpassdata;
			productReference = B09183671DB7604B001AED4F /* notificationpassdata.app */;
			productType = "com.apple.product-type.application";
		};
		B091837A1DB7604B001AED4F /* notificationpassdataTests */ = {
			isa = PBXNativeTarget;
			buildConfigurationList = B09183921DB7604B001AED4F /* Build configuration list for PBXNativeTarget "notificationpassdataTests" */;
			buildPhases = (
				B09183771DB7604B001AED4F /* Sources */,
				B09183781DB7604B001AED4F /* Frameworks */,
				B09183791DB7604B001AED4F /* Resources */,
			);
			buildRules = (
			);
			dependencies = (
				B091837D1DB7604B001AED4F /* PBXTargetDependency */,
			);
			name = notificationpassdataTests;
			productName = notificationpassdataTests;
			productReference = B091837B1DB7604B001AED4F /* notificationpassdataTests.xctest */;
			productType = "com.apple.product-type.bundle.unit-test";
		};
		B09183851DB7604B001AED4F /* notificationpassdataUITests */ = {
			isa = PBXNativeTarget;
			buildConfigurationList = B09183951DB7604B001AED4F /* Build configuration list for PBXNativeTarget "notificationpassdataUITests" */;
			buildPhases = (
				B09183821DB7604B001AED4F /* Sources */,
				B09183831DB7604B001AED4F /* Frameworks */,
				B09183841DB7604B001AED4F /* Resources */,
			);
			buildRules = (
			);
			dependencies = (
				B09183881DB7604B001AED4F /* PBXTargetDependency */,
			);
			name = notificationpassdataUITests;
			productName = notificationpassdataUITests;
			productReference = B09183861DB7604B001AED4F /* notificationpassdataUITests.xctest */;
			productType = "com.apple.product-type.bundle.ui-testing";
		};
/* End PBXNativeTarget section */

/* Begin PBXProject section */
		B091835F1DB7604B001AED4F /* Project object */ = {
			isa = PBXProject;
			attributes = {
				LastSwiftUpdateCheck = 0730;
				LastUpgradeCheck = 0730;
				ORGANIZATIONNAME = bossxuan;
				TargetAttributes = {
					B09183661DB7604B001AED4F = {
						CreatedOnToolsVersion = 7.3;
					};
					B091837A1DB7604B001AED4F = {
						CreatedOnToolsVersion = 7.3;
						TestTargetID = B09183661DB7604B001AED4F;
					};
					B09183851DB7604B001AED4F = {
						CreatedOnToolsVersion = 7.3;
						TestTargetID = B09183661DB7604B001AED4F;
					};
				};
			};
			buildConfigurationList = B09183621DB7604B001AED4F /* Build configuration list for PBXProject "notificationpassdata" */;
			compatibilityVersion = "Xcode 3.2";
			developmentRegion = English;
			hasScannedForEncodings = 0;
			knownRegions = (
				en,
				Base,
			);
			mainGroup = B091835E1DB7604B001AED4F;
			productRefGroup = B09183681DB7604B001AED4F /* Products */;
			projectDirPath = "";
			projectRoot = "";
			targets = (
				B09183661DB7604B001AED4F /* notificationpassdata */,
				B091837A1DB7604B001AED4F /* notificationpassdataTests */,
				B09183851DB7604B001AED4F /* notificationpassdataUITests */,
			);
		};
/* End PBXProject section */

/* Begin PBXResourcesBuildPhase section */
		B09183651DB7604B001AED4F /* Resources */ = {
			isa = PBXResourcesBuildPhase;
			buildActionMask = 2147483647;
			files = (
				B09183751DB7604B001AED4F /* LaunchScreen.storyboard in Resources */,
				B09183721DB7604B001AED4F /* Assets.xcassets in Resources */,
				B09183701DB7604B001AED4F /* Main.storyboard in Resources */,
			);
			runOnlyForDeploymentPostprocessing = 0;
		};
		B09183791DB7604B001AED4F /* Resources */ = {
			isa = PBXResourcesBuildPhase;
			buildActionMask = 2147483647;
			files = (
			);
			runOnlyForDeploymentPostprocessing = 0;
		};
		B09183841DB7604B001AED4F /* Resources */ = {
			isa = PBXResourcesBuildPhase;
			buildActionMask = 2147483647;
			files = (
			);
			runOnlyForDeploymentPostprocessing = 0;
		};
/* End PBXResourcesBuildPhase section */

/* Begin PBXSourcesBuildPhase section */
		B09183631DB7604B001AED4F /* Sources */ = {
			isa = PBXSourcesBuildPhase;
			buildActionMask = 2147483647;
			files = (
				B09183991DB76113001AED4F /* dataViewController.swift in Sources */,
				B091836D1DB7604B001AED4F /* ViewController.swift in Sources */,
				B091836B1DB7604B001AED4F /* AppDelegate.swift in Sources */,
			);
			runOnlyForDeploymentPostprocessing = 0;
		};
		B09183771DB7604B001AED4F /* Sources */ = {
			isa = PBXSourcesBuildPhase;
			buildActionMask = 2147483647;
			files = (
				B09183801DB7604B001AED4F /* notificationpassdataTests.swift in Sources */,
			);
			runOnlyForDeploymentPostprocessing = 0;
		};
		B09183821DB7604B001AED4F /* Sources */ = {
			isa = PBXSourcesBuildPhase;
			buildActionMask = 2147483647;
			files = (
				B091838B1DB7604B001AED4F /* notificationpassdataUITests.swift in Sources */,
			);
			runOnlyForDeploymentPostprocessing = 0;
		};
/* End PBXSourcesBuildPhase section */

/* Begin PBXTargetDependency section */
		B091837D1DB7604B001AED4F /* PBXTargetDependency */ = {
			isa = PBXTargetDependency;
			target = B09183661DB7604B001AED4F /* notificationpassdata */;
			targetProxy = B091837C1DB7604B001AED4F /* PBXContainerItemProxy */;
		};
		B09183881DB7604B001AED4F /* PBXTargetDependency */ = {
			isa = PBXTargetDependency;
			target = B09183661DB7604B001AED4F /* notificationpassdata */;
			targetProxy = B09183871DB7604B001AED4F /* PBXContainerItemProxy */;
		};
/* End PBXTargetDependency section */

/* Begin PBXVariantGroup section */
		B091836E1DB7604B001AED4F /* Main.storyboard */ = {
			isa = PBXVariantGroup;
			children = (
				B091836F1DB7604B001AED4F /* Base */,
			);
			name = Main.storyboard;
			sourceTree = "<group>";
		};
		B09183731DB7604B001AED4F /* LaunchScreen.storyboard */ = {
			isa = PBXVariantGroup;
			children = (
				B09183741DB7604B001AED4F /* Base */,
			);
			name = LaunchScreen.storyboard;
			sourceTree = "<group>";
		};
/* End PBXVariantGroup section */

/* Begin XCBuildConfiguration section */
		B091838D1DB7604B001AED4F /* Debug */ = {
			isa = XCBuildConfiguration;
			buildSettings = {
				ALWAYS_SEARCH_USER_PATHS = NO;
				CLANG_ANALYZER_NONNULL = YES;
				CLANG_CXX_LANGUAGE_STANDARD = "gnu++0x";
				CLANG_CXX_LIBRARY = "libc++";
				CLANG_ENABLE_MODULES = YES;
				CLANG_ENABLE_OBJC_ARC = YES;
				CLANG_WARN_BOOL_CONVERSION = YES;
				CLANG_WARN_CONSTANT_CONVERSION = YES;
				CLANG_WARN_DIRECT_OBJC_ISA_USAGE = YES_ERROR;
				CLANG_WARN_EMPTY_BODY = YES;
				CLANG_WARN_ENUM_CONVERSION = YES;
				CLANG_WARN_INT_CONVERSION = YES;
				CLANG_WARN_OBJC_ROOT_CLASS = YES_ERROR;
				CLANG_WARN_UNREACHABLE_CODE = YES;
				CLANG_WARN__DUPLICATE_METHOD_MATCH = YES;
				"CODE_SIGN_IDENTITY[sdk=iphoneos*]" = "iPhone Developer";
				COPY_PHASE_STRIP = NO;
				DEBUG_INFORMATION_FORMAT = dwarf;
				ENABLE_STRICT_OBJC_MSGSEND = YES;
				ENABLE_TESTABILITY = YES;
				GCC_C_LANGUAGE_STANDARD = gnu99;
				GCC_DYNAMIC_NO_PIC = NO;
				GCC_NO_COMMON_BLOCKS = YES;
				GCC_OPTIMIZATION_LEVEL = 0;
				GCC_PREPROCESSOR_DEFINITIONS = (
					"DEBUG=1",
					"$(inherited)",
				);
				GCC_WARN_64_TO_32_BIT_CONVERSION = YES;
				GCC_WARN_ABOUT_RETURN_TYPE = YES_ERROR;
				GCC_WARN_UNDECLARED_SELECTOR = YES;
				GCC_WARN_UNINITIALIZED_AUTOS = YES_AGGRESSIVE;
				GCC_WARN_UNUSED_FUNCTION = YES;
				GCC_WARN_UNUSED_VARIABLE = YES;
				IPHONEOS_DEPLOYMENT_TARGET = 9.3;
				MTL_ENABLE_DEBUG_INFO = YES;
				ONLY_ACTIVE_ARCH = YES;
				SDKROOT = iphoneos;
				SWIFT_OPTIMIZATION_LEVEL = "-Onone";
				TARGETED_DEVICE_FAMILY = "1,2";
			};
			name = Debug;
		};
		B091838E1DB7604B001AED4F /* Release */ = {
			isa = XCBuildConfiguration;
			buildSettings = {
				ALWAYS_SEARCH_USER_PATHS = NO;
				CLANG_ANALYZER_NONNULL = YES;
				CLANG_CXX_LANGUAGE_STANDARD = "gnu++0x";
				CLANG_CXX_LIBRARY = "libc++";
				CLANG_ENABLE_MODULES = YES;
				CLANG_ENABLE_OBJC_ARC = YES;
				CLANG_WARN_BOOL_CONVERSION = YES;
				CLANG_WARN_CONSTANT_CONVERSION = YES;
				CLANG_WARN_DIRECT_OBJC_ISA_USAGE = YES_ERROR;
				CLANG_WARN_EMPTY_BODY = YES;
				CLANG_WARN_ENUM_CONVERSION = YES;
				CLANG_WARN_INT_CONVERSION = YES;
				CLANG_WARN_OBJC_ROOT_CLASS = YES_ERROR;
				CLANG_WARN_UNREACHABLE_CODE = YES;
				CLANG_WARN__DUPLICATE_METHOD_MATCH = YES;
				"CODE_SIGN_IDENTITY[sdk=iphoneos*]" = "iPhone Developer";
				COPY_PHASE_STRIP = NO;
				DEBUG_INFORMATION_FORMAT = "dwarf-with-dsym";
				ENABLE_NS_ASSERTIONS = NO;
				ENABLE_STRICT_OBJC_MSGSEND = YES;
				GCC_C_LANGUAGE_STANDARD = gnu99;
				GCC_NO_COMMON_BLOCKS = YES;
				GCC_WARN_64_TO_32_BIT_CONVERSION = YES;
				GCC_WARN_ABOUT_RETURN_TYPE = YES_ERROR;
				GCC_WARN_UNDECLARED_SELECTOR = YES;
				GCC_WARN_UNINITIALIZED_AUTOS = YES_AGGRESSIVE;
				GCC_WARN_UNUSED_FUNCTION = YES;
				GCC_WARN_UNUSED_VARIABLE = YES;
				IPHONEOS_DEPLOYMENT_TARGET = 9.3;
				MTL_ENABLE_DEBUG_INFO = NO;
				SDKROOT = iphoneos;
				TARGETED_DEVICE_FAMILY = "1,2";
				VALIDATE_PRODUCT = YES;
			};
			name = Release;
		};
		B09183901DB7604B001AED4F /* Debug */ = {
			isa = XCBuildConfiguration;
			buildSettings = {
				ASSETCATALOG_COMPILER_APPICON_NAME = AppIcon;
				INFOPLIST_FILE = notificationpassdata/Info.plist;
				LD_RUNPATH_SEARCH_PATHS = "$(inherited) @executable_path/Frameworks";
				PRODUCT_BUNDLE_IDENTIFIER = no.notificationpassdata;
				PRODUCT_NAME = "$(TARGET_NAME)";
			};
			name = Debug;
		};
		B09183911DB7604B001AED4F /* Release */ = {
			isa = XCBuildConfiguration;
			buildSettings = {
				ASSETCATALOG_COMPILER_APPICON_NAME = AppIcon;
				INFOPLIST_FILE = notificationpassdata/Info.plist;
				LD_RUNPATH_SEARCH_PATHS = "$(inherited) @executable_path/Frameworks";
				PRODUCT_BUNDLE_IDENTIFIER = no.notificationpassdata;
				PRODUCT_NAME = "$(TARGET_NAME)";
			};
			name = Release;
		};
		B09183931DB7604B001AED4F /* Debug */ = {
			isa = XCBuildConfiguration;
			buildSettings = {
				BUNDLE_LOADER = "$(TEST_HOST)";
				INFOPLIST_FILE = notificationpassdataTests/Info.plist;
				LD_RUNPATH_SEARCH_PATHS = "$(inherited) @executable_path/Frameworks @loader_path/Frameworks";
				PRODUCT_BUNDLE_IDENTIFIER = no.notificationpassdataTests;
				PRODUCT_NAME = "$(TARGET_NAME)";
				TEST_HOST = "$(BUILT_PRODUCTS_DIR)/notificationpassdata.app/notificationpassdata";
			};
			name = Debug;
		};
		B09183941DB7604B001AED4F /* Release */ = {
			isa = XCBuildConfiguration;
			buildSettings = {
				BUNDLE_LOADER = "$(TEST_HOST)";
				INFOPLIST_FILE = notificationpassdataTests/Info.plist;
				LD_RUNPATH_SEARCH_PATHS = "$(inherited) @executable_path/Frameworks @loader_path/Frameworks";
				PRODUCT_BUNDLE_IDENTIFIER = no.notificationpassdataTests;
				PRODUCT_NAME = "$(TARGET_NAME)";
				TEST_HOST = "$(BUILT_PRODUCTS_DIR)/notificationpassdata.app/notificationpassdata";
			};
			name = Release;
		};
		B09183961DB7604B001AED4F /* Debug */ = {
			isa = XCBuildConfiguration;
			buildSettings = {
				INFOPLIST_FILE = notificationpassdataUITests/Info.plist;
				LD_RUNPATH_SEARCH_PATHS = "$(inherited) @executable_path/Frameworks @loader_path/Frameworks";
				PRODUCT_BUNDLE_IDENTIFIER = no.notificationpassdataUITests;
				PRODUCT_NAME = "$(TARGET_NAME)";
				TEST_TARGET_NAME = notificationpassdata;
			};
			name = Debug;
		};
		B09183971DB7604B001AED4F /* Release */ = {
			isa = XCBuildConfiguration;
			buildSettings = {
				INFOPLIST_FILE = notificationpassdataUITests/Info.plist;
				LD_RUNPATH_SEARCH_PATHS = "$(inherited) @executable_path/Frameworks @loader_path/Frameworks";
				PRODUCT_BUNDLE_IDENTIFIER = no.notificationpassdataUITests;
				PRODUCT_NAME = "$(TARGET_NAME)";
				TEST_TARGET_NAME = notificationpassdata;
			};
			name = Release;
		};
/* End XCBuildConfiguration section */

/* Begin XCConfigurationList section */
		B09183621DB7604B001AED4F /* Build configuration list for PBXProject "notificationpassdata" */ = {
			isa = XCConfigurationList;
			buildConfigurations = (
				B091838D1DB7604B001AED4F /* Debug */,
				B091838E1DB7604B001AED4F /* Release */,
			);
			defaultConfigurationIsVisible = 0;
			defaultConfigurationName = Release;
		};
		B091838F1DB7604B001AED4F /* Build configuration list for PBXNativeTarget "notificationpassdata" */ = {
			isa = XCConfigurationList;
			buildConfigurations = (
				B09183901DB7604B001AED4F /* Debug */,
				B09183911DB7604B001AED4F /* Release */,
			);
			defaultConfigurationIsVisible = 0;
		};
		B09183921DB7604B001AED4F /* Build configuration list for PBXNativeTarget "notificationpassdataTests" */ = {
			isa = XCConfigurationList;
			buildConfigurations = (
				B09183931DB7604B001AED4F /* Debug */,
				B09183941DB7604B001AED4F /* Release */,
			);
			defaultConfigurationIsVisible = 0;
		};
		B09183951DB7604B001AED4F /* Build configuration list for PBXNativeTarget "notificationpassdataUITests" */ = {
			isa = XCConfigurationList;
			buildConfigurations = (
				B09183961DB7604B001AED4F /* Debug */,
				B09183971DB7604B001AED4F /* Release */,
			);
			defaultConfigurationIsVisible = 0;
		};
/* End XCConfigurationList section */
	};
	rootObject = B091835F1DB7604B001AED4F /* Project object */;
}
